
Microsoft Visual Studio Solution File, Format Version 12.00
# Visual Studio Version 17
VisualStudioVersion = 17.2.32516.85
MinimumVisualStudioVersion = 10.0.40219.1
Project("{9A19103F-16F7-4668-BE54-9A1E7A4F7556}") = "MiddlewareStatusCode", "MiddlewareStatusCode.csproj", "{85CAFEFC-3203-4FBD-98F6-A3991F3BC521}"
EndProject
Global
	GlobalSection(SolutionConfigurationPlatforms) = preSolution
		Debug|Any CPU = Debug|Any CPU
		Release|Any CPU = Release|Any CPU
	EndGlobalSection
	GlobalSection(ProjectConfigurationPlatforms) = postSolution
		{85CAFEFC-3203-4FBD-98F6-A3991F3BC521}.Debug|Any CPU.ActiveCfg = Debug|Any CPU
		{85CAFEFC-3203-4FBD-98F6-A3991F3BC521}.Debug|Any CPU.Build.0 = Debug|Any CPU
		{85CAFEFC-3203-4FBD-98F6-A3991F3BC521}.Release|Any CPU.ActiveCfg = Release|Any CPU
		{85CAFEFC-3203-4FBD-98F6-A3991F3BC521}.Release|Any CPU.Build.0 = Release|Any CPU
	EndGlobalSection
	GlobalSection(SolutionProperties) = preSolution
		HideSolutionNode = FALSE
	EndGlobalSection
	GlobalSection(ExtensibilityGlobals) = postSolution
		SolutionGuid = {132F5B10-391D-4CAF-A3E8-2104D526AC15}
	EndGlobalSection
EndGlobal
